// !$*UTF8*$!
{
	archiveVersion = 1;
	classes = {
	};
	objectVersion = 56;
	objects = {

/* Begin PBXBuildFile section */
		9F75BDA62AF0352F0066967D /* LoungeApp.swift in Sources */ = {isa = PBXBuildFile; fileRef = 9F75BDA52AF0352F0066967D /* LoungeApp.swift */; };
		9F75BDA82AF0352F0066967D /* ContentView.swift in Sources */ = {isa = PBXBuildFile; fileRef = 9F75BDA72AF0352F0066967D /* ContentView.swift */; };
		9F75BDAA2AF035300066967D /* Assets.xcassets in Resources */ = {isa = PBXBuildFile; fileRef = 9F75BDA92AF035300066967D /* Assets.xcassets */; };
		9F75BDAE2AF035300066967D /* Preview Assets.xcassets in Resources */ = {isa = PBXBuildFile; fileRef = 9F75BDAD2AF035300066967D /* Preview Assets.xcassets */; };
		9F75BDB82AF035300066967D /* LoungeTests.swift in Sources */ = {isa = PBXBuildFile; fileRef = 9F75BDB72AF035300066967D /* LoungeTests.swift */; };
		9F75BDC22AF035300066967D /* LoungeUITests.swift in Sources */ = {isa = PBXBuildFile; fileRef = 9F75BDC12AF035300066967D /* LoungeUITests.swift */; };
		9F75BDC42AF035300066967D /* LoungeUITestsLaunchTests.swift in Sources */ = {isa = PBXBuildFile; fileRef = 9F75BDC32AF035300066967D /* LoungeUITestsLaunchTests.swift */; };
/* End PBXBuildFile section */

/* Begin PBXContainerItemProxy section */
		9F75BDB42AF035300066967D /* PBXContainerItemProxy */ = {
			isa = PBXContainerItemProxy;
			containerPortal = 9F75BD9A2AF0352F0066967D /* Project object */;
			proxyType = 1;
			remoteGlobalIDString = 9F75BDA12AF0352F0066967D;
			remoteInfo = Lounge;
		};
		9F75BDBE2AF035300066967D /* PBXContainerItemProxy */ = {
			isa = PBXContainerItemProxy;
			containerPortal = 9F75BD9A2AF0352F0066967D /* Project object */;
			proxyType = 1;
			remoteGlobalIDString = 9F75BDA12AF0352F0066967D;
			remoteInfo = Lounge;
		};
/* End PBXContainerItemProxy section */

/* Begin PBXFileReference section */
		9F75BDA22AF0352F0066967D /* Lounge.app */ = {isa = PBXFileReference; explicitFileType = wrapper.application; includeInIndex = 0; path = Lounge.app; sourceTree = BUILT_PRODUCTS_DIR; };
		9F75BDA52AF0352F0066967D /* LoungeApp.swift */ = {isa = PBXFileReference; lastKnownFileType = sourcecode.swift; path = LoungeApp.swift; sourceTree = "<group>"; };
		9F75BDA72AF0352F0066967D /* ContentView.swift */ = {isa = PBXFileReference; lastKnownFileType = sourcecode.swift; path = ContentView.swift; sourceTree = "<group>"; };
		9F75BDA92AF035300066967D /* Assets.xcassets */ = {isa = PBXFileReference; lastKnownFileType = folder.assetcatalog; path = Assets.xcassets; sourceTree = "<group>"; };
		9F75BDAB2AF035300066967D /* Lounge.entitlements */ = {isa = PBXFileReference; lastKnownFileType = text.plist.entitlements; path = Lounge.entitlements; sourceTree = "<group>"; };
		9F75BDAD2AF035300066967D /* Preview Assets.xcassets */ = {isa = PBXFileReference; lastKnownFileType = folder.assetcatalog; path = "Preview Assets.xcassets"; sourceTree = "<group>"; };
		9F75BDB32AF035300066967D /* LoungeTests.xctest */ = {isa = PBXFileReference; explicitFileType = wrapper.cfbundle; includeInIndex = 0; path = LoungeTests.xctest; sourceTree = BUILT_PRODUCTS_DIR; };
		9F75BDB72AF035300066967D /* LoungeTests.swift */ = {isa = PBXFileReference; lastKnownFileType = sourcecode.swift; path = LoungeTests.swift; sourceTree = "<group>"; };
		9F75BDBD2AF035300066967D /* LoungeUITests.xctest */ = {isa = PBXFileReference; explicitFileType = wrapper.cfbundle; includeInIndex = 0; path = LoungeUITests.xctest; sourceTree = BUILT_PRODUCTS_DIR; };
		9F75BDC12AF035300066967D /* LoungeUITests.swift */ = {isa = PBXFileReference; lastKnownFileType = sourcecode.swift; path = LoungeUITests.swift; sourceTree = "<group>"; };
		9F75BDC32AF035300066967D /* LoungeUITestsLaunchTests.swift */ = {isa = PBXFileReference; lastKnownFileType = sourcecode.swift; path = LoungeUITestsLaunchTests.swift; sourceTree = "<group>"; };
/* End PBXFileReference section */

/* Begin PBXFrameworksBuildPhase section */
		9F75BD9F2AF0352F0066967D /* Frameworks */ = {
			isa = PBXFrameworksBuildPhase;
			buildActionMask = 2147483647;
			files = (
			);
			runOnlyForDeploymentPostprocessing = 0;
		};
		9F75BDB02AF035300066967D /* Frameworks */ = {
			isa = PBXFrameworksBuildPhase;
			buildActionMask = 2147483647;
			files = (
			);
			runOnlyForDeploymentPostprocessing = 0;
		};
		9F75BDBA2AF035300066967D /* Frameworks */ = {
			isa = PBXFrameworksBuildPhase;
			buildActionMask = 2147483647;
			files = (
			);
			runOnlyForDeploymentPostprocessing = 0;
		};
/* End PBXFrameworksBuildPhase section */

/* Begin PBXGroup section */
		9F75BD992AF0352F0066967D = {
			isa = PBXGroup;
			children = (
				9F75BDA42AF0352F0066967D /* Lounge */,
				9F75BDB62AF035300066967D /* LoungeTests */,
				9F75BDC02AF035300066967D /* LoungeUITests */,
				9F75BDA32AF0352F0066967D /* Products */,
			);
			sourceTree = "<group>";
		};
		9F75BDA32AF0352F0066967D /* Products */ = {
			isa = PBXGroup;
			children = (
				9F75BDA22AF0352F0066967D /* Lounge.app */,
				9F75BDB32AF035300066967D /* LoungeTests.xctest */,
				9F75BDBD2AF035300066967D /* LoungeUITests.xctest */,
			);
			name = Products;
			sourceTree = "<group>";
		};
		9F75BDA42AF0352F0066967D /* Lounge */ = {
			isa = PBXGroup;
			children = (
				9F75BDA52AF0352F0066967D /* LoungeApp.swift */,
				9F75BDA72AF0352F0066967D /* ContentView.swift */,
				9F75BDA92AF035300066967D /* Assets.xcassets */,
				9F75BDAB2AF035300066967D /* Lounge.entitlements */,
				9F75BDAC2AF035300066967D /* Preview Content */,
			);
			path = Lounge;
			sourceTree = "<group>";
		};
		9F75BDAC2AF035300066967D /* Preview Content */ = {
			isa = PBXGroup;
			children = (
				9F75BDAD2AF035300066967D /* Preview Assets.xcassets */,
			);
			path = "Preview Content";
			sourceTree = "<group>";
		};
		9F75BDB62AF035300066967D /* LoungeTests */ = {
			isa = PBXGroup;
			children = (
				9F75BDB72AF035300066967D /* LoungeTests.swift */,
			);
			path = LoungeTests;
			sourceTree = "<group>";
		};
		9F75BDC02AF035300066967D /* LoungeUITests */ = {
			isa = PBXGroup;
			children = (
				9F75BDC12AF035300066967D /* LoungeUITests.swift */,
				9F75BDC32AF035300066967D /* LoungeUITestsLaunchTests.swift */,
			);
			path = LoungeUITests;
			sourceTree = "<group>";
		};
/* End PBXGroup section */

/* Begin PBXNativeTarget section */
		9F75BDA12AF0352F0066967D /* Lounge */ = {
			isa = PBXNativeTarget;
			buildConfigurationList = 9F75BDC72AF035300066967D /* Build configuration list for PBXNativeTarget "Lounge" */;
			buildPhases = (
				9F75BD9E2AF0352F0066967D /* Sources */,
				9F75BD9F2AF0352F0066967D /* Frameworks */,
				9F75BDA02AF0352F0066967D /* Resources */,
			);
			buildRules = (
			);
			dependencies = (
			);
			name = Lounge;
			productName = Lounge;
			productReference = 9F75BDA22AF0352F0066967D /* Lounge.app */;
			productType = "com.apple.product-type.application";
		};
		9F75BDB22AF035300066967D /* LoungeTests */ = {
			isa = PBXNativeTarget;
			buildConfigurationList = 9F75BDCA2AF035300066967D /* Build configuration list for PBXNativeTarget "LoungeTests" */;
			buildPhases = (
				9F75BDAF2AF035300066967D /* Sources */,
				9F75BDB02AF035300066967D /* Frameworks */,
				9F75BDB12AF035300066967D /* Resources */,
			);
			buildRules = (
			);
			dependencies = (
				9F75BDB52AF035300066967D /* PBXTargetDependency */,
			);
			name = LoungeTests;
			productName = LoungeTests;
			productReference = 9F75BDB32AF035300066967D /* LoungeTests.xctest */;
			productType = "com.apple.product-type.bundle.unit-test";
		};
		9F75BDBC2AF035300066967D /* LoungeUITests */ = {
			isa = PBXNativeTarget;
			buildConfigurationList = 9F75BDCD2AF035300066967D /* Build configuration list for PBXNativeTarget "LoungeUITests" */;
			buildPhases = (
				9F75BDB92AF035300066967D /* Sources */,
				9F75BDBA2AF035300066967D /* Frameworks */,
				9F75BDBB2AF035300066967D /* Resources */,
			);
			buildRules = (
			);
			dependencies = (
				9F75BDBF2AF035300066967D /* PBXTargetDependency */,
			);
			name = LoungeUITests;
			productName = LoungeUITests;
			productReference = 9F75BDBD2AF035300066967D /* LoungeUITests.xctest */;
			productType = "com.apple.product-type.bundle.ui-testing";
		};
/* End PBXNativeTarget section */

/* Begin PBXProject section */
		9F75BD9A2AF0352F0066967D /* Project object */ = {
			isa = PBXProject;
			attributes = {
				BuildIndependentTargetsInParallel = 1;
				LastSwiftUpdateCheck = 1500;
				LastUpgradeCheck = 1500;
				TargetAttributes = {
					9F75BDA12AF0352F0066967D = {
						CreatedOnToolsVersion = 15.0.1;
					};
					9F75BDB22AF035300066967D = {
						CreatedOnToolsVersion = 15.0.1;
						TestTargetID = 9F75BDA12AF0352F0066967D;
					};
					9F75BDBC2AF035300066967D = {
						CreatedOnToolsVersion = 15.0.1;
						TestTargetID = 9F75BDA12AF0352F0066967D;
					};
				};
			};
			buildConfigurationList = 9F75BD9D2AF0352F0066967D /* Build configuration list for PBXProject "Lounge" */;
			compatibilityVersion = "Xcode 14.0";
			developmentRegion = en;
			hasScannedForEncodings = 0;
			knownRegions = (
				en,
				Base,
			);
			mainGroup = 9F75BD992AF0352F0066967D;
			productRefGroup = 9F75BDA32AF0352F0066967D /* Products */;
			projectDirPath = "";
			projectRoot = "";
			targets = (
				9F75BDA12AF0352F0066967D /* Lounge */,
				9F75BDB22AF035300066967D /* LoungeTests */,
				9F75BDBC2AF035300066967D /* LoungeUITests */,
			);
		};
/* End PBXProject section */

/* Begin PBXResourcesBuildPhase section */
		9F75BDA02AF0352F0066967D /* Resources */ = {
			isa = PBXResourcesBuildPhase;
			buildActionMask = 2147483647;
			files = (
				9F75BDAE2AF035300066967D /* Preview Assets.xcassets in Resources */,
				9F75BDAA2AF035300066967D /* Assets.xcassets in Resources */,
			);
			runOnlyForDeploymentPostprocessing = 0;
		};
		9F75BDB12AF035300066967D /* Resources */ = {
			isa = PBXResourcesBuildPhase;
			buildActionMask = 2147483647;
			files = (
			);
			runOnlyForDeploymentPostprocessing = 0;
		};
		9F75BDBB2AF035300066967D /* Resources */ = {
			isa = PBXResourcesBuildPhase;
			buildActionMask = 2147483647;
			files = (
			);
			runOnlyForDeploymentPostprocessing = 0;
		};
/* End PBXResourcesBuildPhase section */

/* Begin PBXSourcesBuildPhase section */
		9F75BD9E2AF0352F0066967D /* Sources */ = {
			isa = PBXSourcesBuildPhase;
			buildActionMask = 2147483647;
			files = (
				9F75BDA82AF0352F0066967D /* ContentView.swift in Sources */,
				9F75BDA62AF0352F0066967D /* LoungeApp.swift in Sources */,
			);
			runOnlyForDeploymentPostprocessing = 0;
		};
		9F75BDAF2AF035300066967D /* Sources */ = {
			isa = PBXSourcesBuildPhase;
			buildActionMask = 2147483647;
			files = (
				9F75BDB82AF035300066967D /* LoungeTests.swift in Sources */,
			);
			runOnlyForDeploymentPostprocessing = 0;
		};
		9F75BDB92AF035300066967D /* Sources */ = {
			isa = PBXSourcesBuildPhase;
			buildActionMask = 2147483647;
			files = (
				9F75BDC42AF035300066967D /* LoungeUITestsLaunchTests.swift in Sources */,
				9F75BDC22AF035300066967D /* LoungeUITests.swift in Sources */,
			);
			runOnlyForDeploymentPostprocessing = 0;
		};
/* End PBXSourcesBuildPhase section */

/* Begin PBXTargetDependency section */
		9F75BDB52AF035300066967D /* PBXTargetDependency */ = {
			isa = PBXTargetDependency;
			target = 9F75BDA12AF0352F0066967D /* Lounge */;
			targetProxy = 9F75BDB42AF035300066967D /* PBXContainerItemProxy */;
		};
		9F75BDBF2AF035300066967D /* PBXTargetDependency */ = {
			isa = PBXTargetDependency;
			target = 9F75BDA12AF0352F0066967D /* Lounge */;
			targetProxy = 9F75BDBE2AF035300066967D /* PBXContainerItemProxy */;
		};
/* End PBXTargetDependency section */

/* Begin XCBuildConfiguration section */
		9F75BDC52AF035300066967D /* Debug */ = {
			isa = XCBuildConfiguration;
			buildSettings = {
				ALWAYS_SEARCH_USER_PATHS = NO;
				ASSETCATALOG_COMPILER_GENERATE_SWIFT_ASSET_SYMBOL_EXTENSIONS = YES;
				CLANG_ANALYZER_NONNULL = YES;
				CLANG_ANALYZER_NUMBER_OBJECT_CONVERSION = YES_AGGRESSIVE;
				CLANG_CXX_LANGUAGE_STANDARD = "gnu++20";
				CLANG_ENABLE_MODULES = YES;
				CLANG_ENABLE_OBJC_ARC = YES;
				CLANG_ENABLE_OBJC_WEAK = YES;
				CLANG_WARN_BLOCK_CAPTURE_AUTORELEASING = YES;
				CLANG_WARN_BOOL_CONVERSION = YES;
				CLANG_WARN_COMMA = YES;
				CLANG_WARN_CONSTANT_CONVERSION = YES;
				CLANG_WARN_DEPRECATED_OBJC_IMPLEMENTATIONS = YES;
				CLANG_WARN_DIRECT_OBJC_ISA_USAGE = YES_ERROR;
				CLANG_WARN_DOCUMENTATION_COMMENTS = YES;
				CLANG_WARN_EMPTY_BODY = YES;
				CLANG_WARN_ENUM_CONVERSION = YES;
				CLANG_WARN_INFINITE_RECURSION = YES;
				CLANG_WARN_INT_CONVERSION = YES;
				CLANG_WARN_NON_LITERAL_NULL_CONVERSION = YES;
				CLANG_WARN_OBJC_IMPLICIT_RETAIN_SELF = YES;
				CLANG_WARN_OBJC_LITERAL_CONVERSION = YES;
				CLANG_WARN_OBJC_ROOT_CLASS = YES_ERROR;
				CLANG_WARN_QUOTED_INCLUDE_IN_FRAMEWORK_HEADER = YES;
				CLANG_WARN_RANGE_LOOP_ANALYSIS = YES;
				CLANG_WARN_STRICT_PROTOTYPES = YES;
				CLANG_WARN_SUSPICIOUS_MOVE = YES;
				CLANG_WARN_UNGUARDED_AVAILABILITY = YES_AGGRESSIVE;
				CLANG_WARN_UNREACHABLE_CODE = YES;
				CLANG_WARN__DUPLICATE_METHOD_MATCH = YES;
				COPY_PHASE_STRIP = NO;
				DEBUG_INFORMATION_FORMAT = dwarf;
				ENABLE_STRICT_OBJC_MSGSEND = YES;
				ENABLE_TESTABILITY = YES;
				ENABLE_USER_SCRIPT_SANDBOXING = YES;
				GCC_C_LANGUAGE_STANDARD = gnu17;
				GCC_DYNAMIC_NO_PIC = NO;
				GCC_NO_COMMON_BLOCKS = YES;
				GCC_OPTIMIZATION_LEVEL = 0;
				GCC_PREPROCESSOR_DEFINITIONS = (
					"DEBUG=1",
					"$(inherited)",
				);
				GCC_WARN_64_TO_32_BIT_CONVERSION = YES;
				GCC_WARN_ABOUT_RETURN_TYPE = YES_ERROR;
				GCC_WARN_UNDECLARED_SELECTOR = YES;
				GCC_WARN_UNINITIALIZED_AUTOS = YES_AGGRESSIVE;
				GCC_WARN_UNUSED_FUNCTION = YES;
				GCC_WARN_UNUSED_VARIABLE = YES;
				LOCALIZATION_PREFERS_STRING_CATALOGS = YES;
				MTL_ENABLE_DEBUG_INFO = INCLUDE_SOURCE;
				MTL_FAST_MATH = YES;
				ONLY_ACTIVE_ARCH = YES;
				SWIFT_ACTIVE_COMPILATION_CONDITIONS = "DEBUG $(inherited)";
				SWIFT_OPTIMIZATION_LEVEL = "-Onone";
			};
			name = Debug;
		};
		9F75BDC62AF035300066967D /* Release */ = {
			isa = XCBuildConfiguration;
			buildSettings = {
				ALWAYS_SEARCH_USER_PATHS = NO;
				ASSETCATALOG_COMPILER_GENERATE_SWIFT_ASSET_SYMBOL_EXTENSIONS = YES;
				CLANG_ANALYZER_NONNULL = YES;
				CLANG_ANALYZER_NUMBER_OBJECT_CONVERSION = YES_AGGRESSIVE;
				CLANG_CXX_LANGUAGE_STANDARD = "gnu++20";
				CLANG_ENABLE_MODULES = YES;
				CLANG_ENABLE_OBJC_ARC = YES;
				CLANG_ENABLE_OBJC_WEAK = YES;
				CLANG_WARN_BLOCK_CAPTURE_AUTORELEASING = YES;
				CLANG_WARN_BOOL_CONVERSION = YES;
				CLANG_WARN_COMMA = YES;
				CLANG_WARN_CONSTANT_CONVERSION = YES;
				CLANG_WARN_DEPRECATED_OBJC_IMPLEMENTATIONS = YES;
				CLANG_WARN_DIRECT_OBJC_ISA_USAGE = YES_ERROR;
				CLANG_WARN_DOCUMENTATION_COMMENTS = YES;
				CLANG_WARN_EMPTY_BODY = YES;
				CLANG_WARN_ENUM_CONVERSION = YES;
				CLANG_WARN_INFINITE_RECURSION = YES;
				CLANG_WARN_INT_CONVERSION = YES;
				CLANG_WARN_NON_LITERAL_NULL_CONVERSION = YES;
				CLANG_WARN_OBJC_IMPLICIT_RETAIN_SELF = YES;
				CLANG_WARN_OBJC_LITERAL_CONVERSION = YES;
				CLANG_WARN_OBJC_ROOT_CLASS = YES_ERROR;
				CLANG_WARN_QUOTED_INCLUDE_IN_FRAMEWORK_HEADER = YES;
				CLANG_WARN_RANGE_LOOP_ANALYSIS = YES;
				CLANG_WARN_STRICT_PROTOTYPES = YES;
				CLANG_WARN_SUSPICIOUS_MOVE = YES;
				CLANG_WARN_UNGUARDED_AVAILABILITY = YES_AGGRESSIVE;
				CLANG_WARN_UNREACHABLE_CODE = YES;
				CLANG_WARN__DUPLICATE_METHOD_MATCH = YES;
				COPY_PHASE_STRIP = NO;
				DEBUG_INFORMATION_FORMAT = "dwarf-with-dsym";
				ENABLE_NS_ASSERTIONS = NO;
				ENABLE_STRICT_OBJC_MSGSEND = YES;
				ENABLE_USER_SCRIPT_SANDBOXING = YES;
				GCC_C_LANGUAGE_STANDARD = gnu17;
				GCC_NO_COMMON_BLOCKS = YES;
				GCC_WARN_64_TO_32_BIT_CONVERSION = YES;
				GCC_WARN_ABOUT_RETURN_TYPE = YES_ERROR;
				GCC_WARN_UNDECLARED_SELECTOR = YES;
				GCC_WARN_UNINITIALIZED_AUTOS = YES_AGGRESSIVE;
				GCC_WARN_UNUSED_FUNCTION = YES;
				GCC_WARN_UNUSED_VARIABLE = YES;
				LOCALIZATION_PREFERS_STRING_CATALOGS = YES;
				MTL_ENABLE_DEBUG_INFO = NO;
				MTL_FAST_MATH = YES;
				SWIFT_COMPILATION_MODE = wholemodule;
			};
			name = Release;
		};
		9F75BDC82AF035300066967D /* Debug */ = {
			isa = XCBuildConfiguration;
			buildSettings = {
				ASSETCATALOG_COMPILER_APPICON_NAME = AppIcon;
				ASSETCATALOG_COMPILER_GLOBAL_ACCENT_COLOR_NAME = AccentColor;
				CODE_SIGN_ENTITLEMENTS = Lounge/Lounge.entitlements;
				CODE_SIGN_STYLE = Automatic;
				CURRENT_PROJECT_VERSION = 1;
				DEVELOPMENT_ASSET_PATHS = "\"Lounge/Preview Content\"";
				DEVELOPMENT_TEAM = W5BMNWSDVQ;
				ENABLE_HARDENED_RUNTIME = YES;
				ENABLE_PREVIEWS = YES;
				GENERATE_INFOPLIST_FILE = YES;
				"INFOPLIST_KEY_UIApplicationSceneManifest_Generation[sdk=iphoneos*]" = YES;
				"INFOPLIST_KEY_UIApplicationSceneManifest_Generation[sdk=iphonesimulator*]" = YES;
				"INFOPLIST_KEY_UIApplicationSupportsIndirectInputEvents[sdk=iphoneos*]" = YES;
				"INFOPLIST_KEY_UIApplicationSupportsIndirectInputEvents[sdk=iphonesimulator*]" = YES;
				"INFOPLIST_KEY_UILaunchScreen_Generation[sdk=iphoneos*]" = YES;
				"INFOPLIST_KEY_UILaunchScreen_Generation[sdk=iphonesimulator*]" = YES;
				"INFOPLIST_KEY_UIStatusBarStyle[sdk=iphoneos*]" = UIStatusBarStyleDefault;
				"INFOPLIST_KEY_UIStatusBarStyle[sdk=iphonesimulator*]" = UIStatusBarStyleDefault;
				INFOPLIST_KEY_UISupportedInterfaceOrientations_iPad = "UIInterfaceOrientationPortrait UIInterfaceOrientationPortraitUpsideDown UIInterfaceOrientationLandscapeLeft UIInterfaceOrientationLandscapeRight";
				INFOPLIST_KEY_UISupportedInterfaceOrientations_iPhone = "UIInterfaceOrientationPortrait UIInterfaceOrientationLandscapeLeft UIInterfaceOrientationLandscapeRight";
				IPHONEOS_DEPLOYMENT_TARGET = 17.0;
				LD_RUNPATH_SEARCH_PATHS = "@executable_path/Frameworks";
				"LD_RUNPATH_SEARCH_PATHS[sdk=macosx*]" = "@executable_path/../Frameworks";
				MACOSX_DEPLOYMENT_TARGET = 14.0;
				MARKETING_VERSION = 1.0;
				PRODUCT_BUNDLE_IDENTIFIER = com.pinta.Lounge;
				PRODUCT_NAME = "$(TARGET_NAME)";
				SDKROOT = auto;
				SUPPORTED_PLATFORMS = "iphoneos iphonesimulator macosx";
				SWIFT_EMIT_LOC_STRINGS = YES;
				SWIFT_VERSION = 5.0;
				TARGETED_DEVICE_FAMILY = "1,2";
			};
			name = Debug;
		};
		9F75BDC92AF035300066967D /* Release */ = {
			isa = XCBuildConfiguration;
			buildSettings = {
				ASSETCATALOG_COMPILER_APPICON_NAME = AppIcon;
				ASSETCATALOG_COMPILER_GLOBAL_ACCENT_COLOR_NAME = AccentColor;
				CODE_SIGN_ENTITLEMENTS = Lounge/Lounge.entitlements;
				CODE_SIGN_STYLE = Automatic;
				CURRENT_PROJECT_VERSION = 1;
				DEVELOPMENT_ASSET_PATHS = "\"Lounge/Preview Content\"";
				DEVELOPMENT_TEAM = W5BMNWSDVQ;
				ENABLE_HARDENED_RUNTIME = YES;
				ENABLE_PREVIEWS = YES;
				GENERATE_INFOPLIST_FILE = YES;
				"INFOPLIST_KEY_UIApplicationSceneManifest_Generation[sdk=iphoneos*]" = YES;
				"INFOPLIST_KEY_UIApplicationSceneManifest_Generation[sdk=iphonesimulator*]" = YES;
				"INFOPLIST_KEY_UIApplicationSupportsIndirectInputEvents[sdk=iphoneos*]" = YES;
				"INFOPLIST_KEY_UIApplicationSupportsIndirectInputEvents[sdk=iphonesimulator*]" = YES;
				"INFOPLIST_KEY_UILaunchScreen_Generation[sdk=iphoneos*]" = YES;
				"INFOPLIST_KEY_UILaunchScreen_Generation[sdk=iphonesimulator*]" = YES;
				"INFOPLIST_KEY_UIStatusBarStyle[sdk=iphoneos*]" = UIStatusBarStyleDefault;
				"INFOPLIST_KEY_UIStatusBarStyle[sdk=iphonesimulator*]" = UIStatusBarStyleDefault;
				INFOPLIST_KEY_UISupportedInterfaceOrientations_iPad = "UIInterfaceOrientationPortrait UIInterfaceOrientationPortraitUpsideDown UIInterfaceOrientationLandscapeLeft UIInterfaceOrientationLandscapeRight";
				INFOPLIST_KEY_UISupportedInterfaceOrientations_iPhone = "UIInterfaceOrientationPortrait UIInterfaceOrientationLandscapeLeft UIInterfaceOrientationLandscapeRight";
				IPHONEOS_DEPLOYMENT_TARGET = 17.0;
				LD_RUNPATH_SEARCH_PATHS = "@executable_path/Frameworks";
				"LD_RUNPATH_SEARCH_PATHS[sdk=macosx*]" = "@executable_path/../Frameworks";
				MACOSX_DEPLOYMENT_TARGET = 14.0;
				MARKETING_VERSION = 1.0;
				PRODUCT_BUNDLE_IDENTIFIER = com.pinta.Lounge;
				PRODUCT_NAME = "$(TARGET_NAME)";
				SDKROOT = auto;
				SUPPORTED_PLATFORMS = "iphoneos iphonesimulator macosx";
				SWIFT_EMIT_LOC_STRINGS = YES;
				SWIFT_VERSION = 5.0;
				TARGETED_DEVICE_FAMILY = "1,2";
			};
			name = Release;
		};
		9F75BDCB2AF035300066967D /* Debug */ = {
			isa = XCBuildConfiguration;
			buildSettings = {
				ALWAYS_EMBED_SWIFT_STANDARD_LIBRARIES = YES;
				BUNDLE_LOADER = "$(TEST_HOST)";
				CODE_SIGN_STYLE = Automatic;
				CURRENT_PROJECT_VERSION = 1;
				DEVELOPMENT_TEAM = W5BMNWSDVQ;
				GENERATE_INFOPLIST_FILE = YES;
				IPHONEOS_DEPLOYMENT_TARGET = 17.0;
				MACOSX_DEPLOYMENT_TARGET = 14.0;
				MARKETING_VERSION = 1.0;
				PRODUCT_BUNDLE_IDENTIFIER = com.pinta.LoungeTests;
				PRODUCT_NAME = "$(TARGET_NAME)";
				SDKROOT = auto;
				SUPPORTED_PLATFORMS = "iphoneos iphonesimulator macosx";
				SWIFT_EMIT_LOC_STRINGS = NO;
				SWIFT_VERSION = 5.0;
				TARGETED_DEVICE_FAMILY = "1,2";
				TEST_HOST = "$(BUILT_PRODUCTS_DIR)/Lounge.app/$(BUNDLE_EXECUTABLE_FOLDER_PATH)/Lounge";
			};
			name = Debug;
		};
		9F75BDCC2AF035300066967D /* Release */ = {
			isa = XCBuildConfiguration;
			buildSettings = {
				ALWAYS_EMBED_SWIFT_STANDARD_LIBRARIES = YES;
				BUNDLE_LOADER = "$(TEST_HOST)";
				CODE_SIGN_STYLE = Automatic;
				CURRENT_PROJECT_VERSION = 1;
				DEVELOPMENT_TEAM = W5BMNWSDVQ;
				GENERATE_INFOPLIST_FILE = YES;
				IPHONEOS_DEPLOYMENT_TARGET = 17.0;
				MACOSX_DEPLOYMENT_TARGET = 14.0;
				MARKETING_VERSION = 1.0;
				PRODUCT_BUNDLE_IDENTIFIER = com.pinta.LoungeTests;
				PRODUCT_NAME = "$(TARGET_NAME)";
				SDKROOT = auto;
				SUPPORTED_PLATFORMS = "iphoneos iphonesimulator macosx";
				SWIFT_EMIT_LOC_STRINGS = NO;
				SWIFT_VERSION = 5.0;
				TARGETED_DEVICE_FAMILY = "1,2";
				TEST_HOST = "$(BUILT_PRODUCTS_DIR)/Lounge.app/$(BUNDLE_EXECUTABLE_FOLDER_PATH)/Lounge";
			};
			name = Release;
		};
		9F75BDCE2AF035300066967D /* Debug */ = {
			isa = XCBuildConfiguration;
			buildSettings = {
				ALWAYS_EMBED_SWIFT_STANDARD_LIBRARIES = YES;
				CODE_SIGN_STYLE = Automatic;
				CURRENT_PROJECT_VERSION = 1;
				DEVELOPMENT_TEAM = W5BMNWSDVQ;
				GENERATE_INFOPLIST_FILE = YES;
				IPHONEOS_DEPLOYMENT_TARGET = 17.0;
				MACOSX_DEPLOYMENT_TARGET = 14.0;
				MARKETING_VERSION = 1.0;
				PRODUCT_BUNDLE_IDENTIFIER = com.pinta.LoungeUITests;
				PRODUCT_NAME = "$(TARGET_NAME)";
				SDKROOT = auto;
				SUPPORTED_PLATFORMS = "iphoneos iphonesimulator macosx";
				SWIFT_EMIT_LOC_STRINGS = NO;
				SWIFT_VERSION = 5.0;
				TARGETED_DEVICE_FAMILY = "1,2";
				TEST_TARGET_NAME = Lounge;
			};
			name = Debug;
		};
		9F75BDCF2AF035300066967D /* Release */ = {
			isa = XCBuildConfiguration;
			buildSettings = {
				ALWAYS_EMBED_SWIFT_STANDARD_LIBRARIES = YES;
				CODE_SIGN_STYLE = Automatic;
				CURRENT_PROJECT_VERSION = 1;
				DEVELOPMENT_TEAM = W5BMNWSDVQ;
				GENERATE_INFOPLIST_FILE = YES;
				IPHONEOS_DEPLOYMENT_TARGET = 17.0;
				MACOSX_DEPLOYMENT_TARGET = 14.0;
				MARKETING_VERSION = 1.0;
				PRODUCT_BUNDLE_IDENTIFIER = com.pinta.LoungeUITests;
				PRODUCT_NAME = "$(TARGET_NAME)";
				SDKROOT = auto;
				SUPPORTED_PLATFORMS = "iphoneos iphonesimulator macosx";
				SWIFT_EMIT_LOC_STRINGS = NO;
				SWIFT_VERSION = 5.0;
				TARGETED_DEVICE_FAMILY = "1,2";
				TEST_TARGET_NAME = Lounge;
			};
			name = Release;
		};
/* End XCBuildConfiguration section */

/* Begin XCConfigurationList section */
		9F75BD9D2AF0352F0066967D /* Build configuration list for PBXProject "Lounge" */ = {
			isa = XCConfigurationList;
			buildConfigurations = (
				9F75BDC52AF035300066967D /* Debug */,
				9F75BDC62AF035300066967D /* Release */,
			);
			defaultConfigurationIsVisible = 0;
			defaultConfigurationName = Release;
		};
		9F75BDC72AF035300066967D /* Build configuration list for PBXNativeTarget "Lounge" */ = {
			isa = XCConfigurationList;
			buildConfigurations = (
				9F75BDC82AF035300066967D /* Debug */,
				9F75BDC92AF035300066967D /* Release */,
			);
			defaultConfigurationIsVisible = 0;
			defaultConfigurationName = Release;
		};
		9F75BDCA2AF035300066967D /* Build configuration list for PBXNativeTarget "LoungeTests" */ = {
			isa = XCConfigurationList;
			buildConfigurations = (
				9F75BDCB2AF035300066967D /* Debug */,
				9F75BDCC2AF035300066967D /* Release */,
			);
			defaultConfigurationIsVisible = 0;
			defaultConfigurationName = Release;
		};
		9F75BDCD2AF035300066967D /* Build configuration list for PBXNativeTarget "LoungeUITests" */ = {
			isa = XCConfigurationList;
			buildConfigurations = (
				9F75BDCE2AF035300066967D /* Debug */,
				9F75BDCF2AF035300066967D /* Release */,
			);
			defaultConfigurationIsVisible = 0;
			defaultConfigurationName = Release;
		};
/* End XCConfigurationList section */
	};
	rootObject = 9F75BD9A2AF0352F0066967D /* Project object */;
}
